// !$*UTF8*$!
{
	archiveVersion = 1;
	classes = {
	};
	objectVersion = 55;
	objects = {

/* Begin PBXBuildFile section */
		9327C42027EFCD2A00EBC72F /* TimeInput.swift in Sources */ = {isa = PBXBuildFile; fileRef = 9327C41F27EFCD2A00EBC72F /* TimeInput.swift */; };
		9327C42127EFCD2A00EBC72F /* TimeInput.swift in Sources */ = {isa = PBXBuildFile; fileRef = 9327C41F27EFCD2A00EBC72F /* TimeInput.swift */; };
		9327C42327F0710600EBC72F /* TimeParser.swift in Sources */ = {isa = PBXBuildFile; fileRef = 9327C42227F0710600EBC72F /* TimeParser.swift */; };
		9327C42427F0710600EBC72F /* TimeParser.swift in Sources */ = {isa = PBXBuildFile; fileRef = 9327C42227F0710600EBC72F /* TimeParser.swift */; };
		93365FE627EA8F18003C507D /* Tests_iOS.swift in Sources */ = {isa = PBXBuildFile; fileRef = 93365FE527EA8F18003C507D /* Tests_iOS.swift */; };
		93365FE827EA8F18003C507D /* Tests_iOSLaunchTests.swift in Sources */ = {isa = PBXBuildFile; fileRef = 93365FE727EA8F18003C507D /* Tests_iOSLaunchTests.swift */; };
		93365FF227EA8F18003C507D /* Tests_macOS.swift in Sources */ = {isa = PBXBuildFile; fileRef = 93365FF127EA8F18003C507D /* Tests_macOS.swift */; };
		93365FF427EA8F18003C507D /* Tests_macOSLaunchTests.swift in Sources */ = {isa = PBXBuildFile; fileRef = 93365FF327EA8F18003C507D /* Tests_macOSLaunchTests.swift */; };
		93365FF527EA8F18003C507D /* HobbsCalculatorApp.swift in Sources */ = {isa = PBXBuildFile; fileRef = 93365FCD27EA8F15003C507D /* HobbsCalculatorApp.swift */; };
		93365FF627EA8F18003C507D /* HobbsCalculatorApp.swift in Sources */ = {isa = PBXBuildFile; fileRef = 93365FCD27EA8F15003C507D /* HobbsCalculatorApp.swift */; };
		93365FF727EA8F18003C507D /* ContentView.swift in Sources */ = {isa = PBXBuildFile; fileRef = 93365FCE27EA8F15003C507D /* ContentView.swift */; };
		93365FF827EA8F18003C507D /* ContentView.swift in Sources */ = {isa = PBXBuildFile; fileRef = 93365FCE27EA8F15003C507D /* ContentView.swift */; };
		93365FF927EA8F18003C507D /* Assets.xcassets in Resources */ = {isa = PBXBuildFile; fileRef = 93365FCF27EA8F18003C507D /* Assets.xcassets */; };
		93365FFA27EA8F18003C507D /* Assets.xcassets in Resources */ = {isa = PBXBuildFile; fileRef = 93365FCF27EA8F18003C507D /* Assets.xcassets */; };
		934D87C427F9C406004D9B87 /* VerticallyLabelledValue.swift in Sources */ = {isa = PBXBuildFile; fileRef = 934D87C327F9C406004D9B87 /* VerticallyLabelledValue.swift */; };
		934D87C527F9C406004D9B87 /* VerticallyLabelledValue.swift in Sources */ = {isa = PBXBuildFile; fileRef = 934D87C327F9C406004D9B87 /* VerticallyLabelledValue.swift */; };
		934D87C727F9C427004D9B87 /* TimeStepperRow.swift in Sources */ = {isa = PBXBuildFile; fileRef = 934D87C627F9C427004D9B87 /* TimeStepperRow.swift */; };
		934D87C827F9C427004D9B87 /* TimeStepperRow.swift in Sources */ = {isa = PBXBuildFile; fileRef = 934D87C627F9C427004D9B87 /* TimeStepperRow.swift */; };
		934D87CB27F9C4C1004D9B87 /* CompactLogbookEntryOverview.swift in Sources */ = {isa = PBXBuildFile; fileRef = 934D87CA27F9C4C1004D9B87 /* CompactLogbookEntryOverview.swift */; };
		934D87CC27F9C4C1004D9B87 /* CompactLogbookEntryOverview.swift in Sources */ = {isa = PBXBuildFile; fileRef = 934D87CA27F9C4C1004D9B87 /* CompactLogbookEntryOverview.swift */; };
		934D87CE27F9C589004D9B87 /* CompactLogbookEntryView.swift in Sources */ = {isa = PBXBuildFile; fileRef = 934D87CD27F9C589004D9B87 /* CompactLogbookEntryView.swift */; };
		934D87CF27F9C589004D9B87 /* CompactLogbookEntryView.swift in Sources */ = {isa = PBXBuildFile; fileRef = 934D87CD27F9C589004D9B87 /* CompactLogbookEntryView.swift */; };
		934D87D127F9CD70004D9B87 /* LogbookEntryOverview.swift in Sources */ = {isa = PBXBuildFile; fileRef = 934D87D027F9CD70004D9B87 /* LogbookEntryOverview.swift */; };
		934D87D227F9CD70004D9B87 /* LogbookEntryOverview.swift in Sources */ = {isa = PBXBuildFile; fileRef = 934D87D027F9CD70004D9B87 /* LogbookEntryOverview.swift */; };
		9358AA3827F8C75400C39044 /* View+CornerRadius.swift in Sources */ = {isa = PBXBuildFile; fileRef = 9358AA3727F8C75400C39044 /* View+CornerRadius.swift */; };
		9358AA3927F8C75400C39044 /* View+CornerRadius.swift in Sources */ = {isa = PBXBuildFile; fileRef = 9358AA3727F8C75400C39044 /* View+CornerRadius.swift */; };
		9358AA3B27F8C8E200C39044 /* View+Conditional.swift in Sources */ = {isa = PBXBuildFile; fileRef = 9358AA3A27F8C8E200C39044 /* View+Conditional.swift */; };
		9358AA3C27F8C8E200C39044 /* View+Conditional.swift in Sources */ = {isa = PBXBuildFile; fileRef = 9358AA3A27F8C8E200C39044 /* View+Conditional.swift */; };
		9358AA3E27F8F00300C39044 /* SliderLabelView.swift in Sources */ = {isa = PBXBuildFile; fileRef = 9358AA3D27F8F00300C39044 /* SliderLabelView.swift */; };
		9358AA3F27F8F00300C39044 /* SliderLabelView.swift in Sources */ = {isa = PBXBuildFile; fileRef = 9358AA3D27F8F00300C39044 /* SliderLabelView.swift */; };
		9358AA4127F8F2AA00C39044 /* Color+Hex.swift in Sources */ = {isa = PBXBuildFile; fileRef = 9358AA4027F8F2AA00C39044 /* Color+Hex.swift */; };
		9358AA4227F8F2AA00C39044 /* Color+Hex.swift in Sources */ = {isa = PBXBuildFile; fileRef = 9358AA4027F8F2AA00C39044 /* Color+Hex.swift */; };
		9358AA4527F9076100C39044 /* DataContainers.swift in Sources */ = {isa = PBXBuildFile; fileRef = 9358AA4427F9076100C39044 /* DataContainers.swift */; };
		9358AA4627F9076100C39044 /* DataContainers.swift in Sources */ = {isa = PBXBuildFile; fileRef = 9358AA4427F9076100C39044 /* DataContainers.swift */; };
		9358AA4827F908A700C39044 /* FlightManager.swift in Sources */ = {isa = PBXBuildFile; fileRef = 9358AA4727F908A700C39044 /* FlightManager.swift */; };
		9358AA4927F908A700C39044 /* FlightManager.swift in Sources */ = {isa = PBXBuildFile; fileRef = 9358AA4727F908A700C39044 /* FlightManager.swift */; };
		9391427627F89DD500FD8BB4 /* RouteInformationView.swift in Sources */ = {isa = PBXBuildFile; fileRef = 9391427527F89DD500FD8BB4 /* RouteInformationView.swift */; };
		9391427727F89DD900FD8BB4 /* RouteInformationView.swift in Sources */ = {isa = PBXBuildFile; fileRef = 9391427527F89DD500FD8BB4 /* RouteInformationView.swift */; };
		9391427927F8AAB200FD8BB4 /* LocationInput.swift in Sources */ = {isa = PBXBuildFile; fileRef = 9391427827F8AAB200FD8BB4 /* LocationInput.swift */; };
		9391427A27F8AAB400FD8BB4 /* LocationInput.swift in Sources */ = {isa = PBXBuildFile; fileRef = 9391427827F8AAB200FD8BB4 /* LocationInput.swift */; };
		9391427C27F8AB0300FD8BB4 /* LandingInformationView.swift in Sources */ = {isa = PBXBuildFile; fileRef = 9391427B27F8AB0300FD8BB4 /* LandingInformationView.swift */; };
		9391427D27F8AB0300FD8BB4 /* LandingInformationView.swift in Sources */ = {isa = PBXBuildFile; fileRef = 9391427B27F8AB0300FD8BB4 /* LandingInformationView.swift */; };
		9391427F27F8AFC500FD8BB4 /* StepperRow.swift in Sources */ = {isa = PBXBuildFile; fileRef = 9391427E27F8AFC500FD8BB4 /* StepperRow.swift */; };
		9391428027F8AFC500FD8BB4 /* StepperRow.swift in Sources */ = {isa = PBXBuildFile; fileRef = 9391427E27F8AFC500FD8BB4 /* StepperRow.swift */; };
		9391428227F8B1ED00FD8BB4 /* TaxiInformationView.swift in Sources */ = {isa = PBXBuildFile; fileRef = 9391428127F8B1ED00FD8BB4 /* TaxiInformationView.swift */; };
		9391428327F8B1ED00FD8BB4 /* TaxiInformationView.swift in Sources */ = {isa = PBXBuildFile; fileRef = 9391428127F8B1ED00FD8BB4 /* TaxiInformationView.swift */; };
		9391428527F8B22100FD8BB4 /* CrossCountryInformationView.swift in Sources */ = {isa = PBXBuildFile; fileRef = 9391428427F8B22100FD8BB4 /* CrossCountryInformationView.swift */; };
		9391428627F8B22100FD8BB4 /* CrossCountryInformationView.swift in Sources */ = {isa = PBXBuildFile; fileRef = 9391428427F8B22100FD8BB4 /* CrossCountryInformationView.swift */; };
		9391428927F8B33300FD8BB4 /* Collection+Chunked.swift in Sources */ = {isa = PBXBuildFile; fileRef = 9391428827F8B33300FD8BB4 /* Collection+Chunked.swift */; };
		9391428A27F8B33300FD8BB4 /* Collection+Chunked.swift in Sources */ = {isa = PBXBuildFile; fileRef = 9391428827F8B33300FD8BB4 /* Collection+Chunked.swift */; };
		93DC360E28464D7500E3AE26 /* PersistenceManager.swift in Sources */ = {isa = PBXBuildFile; fileRef = 93DC360D28464D7500E3AE26 /* PersistenceManager.swift */; };
		93DC360F28464D7500E3AE26 /* PersistenceManager.swift in Sources */ = {isa = PBXBuildFile; fileRef = 93DC360D28464D7500E3AE26 /* PersistenceManager.swift */; };
		93DC36112846573B00E3AE26 /* TutorialView.swift in Sources */ = {isa = PBXBuildFile; fileRef = 93DC36102846573B00E3AE26 /* TutorialView.swift */; };
		93DC36122846573B00E3AE26 /* TutorialView.swift in Sources */ = {isa = PBXBuildFile; fileRef = 93DC36102846573B00E3AE26 /* TutorialView.swift */; };
		93FA3F8C2801E87A00DED506 /* airports.csv in Resources */ = {isa = PBXBuildFile; fileRef = 93FA3F8B2801E87A00DED506 /* airports.csv */; };
		93FA3F8D2801E87A00DED506 /* airports.csv in Resources */ = {isa = PBXBuildFile; fileRef = 93FA3F8B2801E87A00DED506 /* airports.csv */; };
		93FA3F8F2801E89800DED506 /* AirportRegistry.swift in Sources */ = {isa = PBXBuildFile; fileRef = 93FA3F8E2801E89800DED506 /* AirportRegistry.swift */; };
		93FA3F902801E89800DED506 /* AirportRegistry.swift in Sources */ = {isa = PBXBuildFile; fileRef = 93FA3F8E2801E89800DED506 /* AirportRegistry.swift */; };
/* End PBXBuildFile section */

/* Begin PBXContainerItemProxy section */
		93365FE227EA8F18003C507D /* PBXContainerItemProxy */ = {
			isa = PBXContainerItemProxy;
			containerPortal = 93365FC827EA8F15003C507D /* Project object */;
			proxyType = 1;
			remoteGlobalIDString = 93365FD327EA8F18003C507D;
			remoteInfo = "HobbsCalculator (iOS)";
		};
		93365FEE27EA8F18003C507D /* PBXContainerItemProxy */ = {
			isa = PBXContainerItemProxy;
			containerPortal = 93365FC827EA8F15003C507D /* Project object */;
			proxyType = 1;
			remoteGlobalIDString = 93365FD927EA8F18003C507D;
			remoteInfo = "HobbsCalculator (macOS)";
		};
/* End PBXContainerItemProxy section */

/* Begin PBXFileReference section */
		931F3A0627F1047100B911F3 /* HobbsCalculator--iOS--Info.plist */ = {isa = PBXFileReference; lastKnownFileType = text.plist; path = "HobbsCalculator--iOS--Info.plist"; sourceTree = "<group>"; };
		931F3A0827F1068700B911F3 /* HobbsCalculator--macOS--Info.plist */ = {isa = PBXFileReference; lastKnownFileType = text.plist; path = "HobbsCalculator--macOS--Info.plist"; sourceTree = "<group>"; };
		9327C41F27EFCD2A00EBC72F /* TimeInput.swift */ = {isa = PBXFileReference; lastKnownFileType = sourcecode.swift; path = TimeInput.swift; sourceTree = "<group>"; };
		9327C42227F0710600EBC72F /* TimeParser.swift */ = {isa = PBXFileReference; lastKnownFileType = sourcecode.swift; path = TimeParser.swift; sourceTree = "<group>"; };
		93365FCD27EA8F15003C507D /* HobbsCalculatorApp.swift */ = {isa = PBXFileReference; lastKnownFileType = sourcecode.swift; path = HobbsCalculatorApp.swift; sourceTree = "<group>"; };
		93365FCE27EA8F15003C507D /* ContentView.swift */ = {isa = PBXFileReference; lastKnownFileType = sourcecode.swift; path = ContentView.swift; sourceTree = "<group>"; };
		93365FCF27EA8F18003C507D /* Assets.xcassets */ = {isa = PBXFileReference; lastKnownFileType = folder.assetcatalog; path = Assets.xcassets; sourceTree = "<group>"; };
		93365FD427EA8F18003C507D /* HobbsCalculator.app */ = {isa = PBXFileReference; explicitFileType = wrapper.application; includeInIndex = 0; path = HobbsCalculator.app; sourceTree = BUILT_PRODUCTS_DIR; };
		93365FDA27EA8F18003C507D /* HobbsCalculator.app */ = {isa = PBXFileReference; explicitFileType = wrapper.application; includeInIndex = 0; path = HobbsCalculator.app; sourceTree = BUILT_PRODUCTS_DIR; };
		93365FDC27EA8F18003C507D /* macOS.entitlements */ = {isa = PBXFileReference; lastKnownFileType = text.plist.entitlements; path = macOS.entitlements; sourceTree = "<group>"; };
		93365FE127EA8F18003C507D /* Tests iOS.xctest */ = {isa = PBXFileReference; explicitFileType = wrapper.cfbundle; includeInIndex = 0; path = "Tests iOS.xctest"; sourceTree = BUILT_PRODUCTS_DIR; };
		93365FE527EA8F18003C507D /* Tests_iOS.swift */ = {isa = PBXFileReference; lastKnownFileType = sourcecode.swift; path = Tests_iOS.swift; sourceTree = "<group>"; };
		93365FE727EA8F18003C507D /* Tests_iOSLaunchTests.swift */ = {isa = PBXFileReference; lastKnownFileType = sourcecode.swift; path = Tests_iOSLaunchTests.swift; sourceTree = "<group>"; };
		93365FED27EA8F18003C507D /* Tests macOS.xctest */ = {isa = PBXFileReference; explicitFileType = wrapper.cfbundle; includeInIndex = 0; path = "Tests macOS.xctest"; sourceTree = BUILT_PRODUCTS_DIR; };
		93365FF127EA8F18003C507D /* Tests_macOS.swift */ = {isa = PBXFileReference; lastKnownFileType = sourcecode.swift; path = Tests_macOS.swift; sourceTree = "<group>"; };
		93365FF327EA8F18003C507D /* Tests_macOSLaunchTests.swift */ = {isa = PBXFileReference; lastKnownFileType = sourcecode.swift; path = Tests_macOSLaunchTests.swift; sourceTree = "<group>"; };
		934D87C327F9C406004D9B87 /* VerticallyLabelledValue.swift */ = {isa = PBXFileReference; lastKnownFileType = sourcecode.swift; path = VerticallyLabelledValue.swift; sourceTree = "<group>"; };
		934D87C627F9C427004D9B87 /* TimeStepperRow.swift */ = {isa = PBXFileReference; lastKnownFileType = sourcecode.swift; path = TimeStepperRow.swift; sourceTree = "<group>"; };
		934D87CA27F9C4C1004D9B87 /* CompactLogbookEntryOverview.swift */ = {isa = PBXFileReference; lastKnownFileType = sourcecode.swift; path = CompactLogbookEntryOverview.swift; sourceTree = "<group>"; };
		934D87CD27F9C589004D9B87 /* CompactLogbookEntryView.swift */ = {isa = PBXFileReference; lastKnownFileType = sourcecode.swift; path = CompactLogbookEntryView.swift; sourceTree = "<group>"; };
		934D87D027F9CD70004D9B87 /* LogbookEntryOverview.swift */ = {isa = PBXFileReference; lastKnownFileType = sourcecode.swift; path = LogbookEntryOverview.swift; sourceTree = "<group>"; };
		9358AA3727F8C75400C39044 /* View+CornerRadius.swift */ = {isa = PBXFileReference; lastKnownFileType = sourcecode.swift; path = "View+CornerRadius.swift"; sourceTree = "<group>"; };
		9358AA3A27F8C8E200C39044 /* View+Conditional.swift */ = {isa = PBXFileReference; lastKnownFileType = sourcecode.swift; path = "View+Conditional.swift"; sourceTree = "<group>"; };
		9358AA3D27F8F00300C39044 /* SliderLabelView.swift */ = {isa = PBXFileReference; lastKnownFileType = sourcecode.swift; path = SliderLabelView.swift; sourceTree = "<group>"; };
		9358AA4027F8F2AA00C39044 /* Color+Hex.swift */ = {isa = PBXFileReference; lastKnownFileType = sourcecode.swift; path = "Color+Hex.swift"; sourceTree = "<group>"; };
		9358AA4427F9076100C39044 /* DataContainers.swift */ = {isa = PBXFileReference; lastKnownFileType = sourcecode.swift; path = DataContainers.swift; sourceTree = "<group>"; };
		9358AA4727F908A700C39044 /* FlightManager.swift */ = {isa = PBXFileReference; lastKnownFileType = sourcecode.swift; path = FlightManager.swift; sourceTree = "<group>"; };
		9391427527F89DD500FD8BB4 /* RouteInformationView.swift */ = {isa = PBXFileReference; lastKnownFileType = sourcecode.swift; path = RouteInformationView.swift; sourceTree = "<group>"; };
		9391427827F8AAB200FD8BB4 /* LocationInput.swift */ = {isa = PBXFileReference; lastKnownFileType = sourcecode.swift; path = LocationInput.swift; sourceTree = "<group>"; };
		9391427B27F8AB0300FD8BB4 /* LandingInformationView.swift */ = {isa = PBXFileReference; lastKnownFileType = sourcecode.swift; path = LandingInformationView.swift; sourceTree = "<group>"; };
		9391427E27F8AFC500FD8BB4 /* StepperRow.swift */ = {isa = PBXFileReference; lastKnownFileType = sourcecode.swift; path = StepperRow.swift; sourceTree = "<group>"; };
		9391428127F8B1ED00FD8BB4 /* TaxiInformationView.swift */ = {isa = PBXFileReference; lastKnownFileType = sourcecode.swift; path = TaxiInformationView.swift; sourceTree = "<group>"; };
		9391428427F8B22100FD8BB4 /* CrossCountryInformationView.swift */ = {isa = PBXFileReference; lastKnownFileType = sourcecode.swift; path = CrossCountryInformationView.swift; sourceTree = "<group>"; };
		9391428827F8B33300FD8BB4 /* Collection+Chunked.swift */ = {isa = PBXFileReference; lastKnownFileType = sourcecode.swift; path = "Collection+Chunked.swift"; sourceTree = "<group>"; };
		93DC360D28464D7500E3AE26 /* PersistenceManager.swift */ = {isa = PBXFileReference; lastKnownFileType = sourcecode.swift; path = PersistenceManager.swift; sourceTree = "<group>"; };
		93DC36102846573B00E3AE26 /* TutorialView.swift */ = {isa = PBXFileReference; lastKnownFileType = sourcecode.swift; path = TutorialView.swift; sourceTree = "<group>"; };
		93FA3F8B2801E87A00DED506 /* airports.csv */ = {isa = PBXFileReference; lastKnownFileType = text; name = airports.csv; path = "tools/ofm-parser/airports.csv"; sourceTree = SOURCE_ROOT; };
		93FA3F8E2801E89800DED506 /* AirportRegistry.swift */ = {isa = PBXFileReference; lastKnownFileType = sourcecode.swift; path = AirportRegistry.swift; sourceTree = "<group>"; };
/* End PBXFileReference section */

/* Begin PBXFrameworksBuildPhase section */
		93365FD127EA8F18003C507D /* Frameworks */ = {
			isa = PBXFrameworksBuildPhase;
			buildActionMask = 2147483647;
			files = (
			);
			runOnlyForDeploymentPostprocessing = 0;
		};
		93365FD727EA8F18003C507D /* Frameworks */ = {
			isa = PBXFrameworksBuildPhase;
			buildActionMask = 2147483647;
			files = (
			);
			runOnlyForDeploymentPostprocessing = 0;
		};
		93365FDE27EA8F18003C507D /* Frameworks */ = {
			isa = PBXFrameworksBuildPhase;
			buildActionMask = 2147483647;
			files = (
			);
			runOnlyForDeploymentPostprocessing = 0;
		};
		93365FEA27EA8F18003C507D /* Frameworks */ = {
			isa = PBXFrameworksBuildPhase;
			buildActionMask = 2147483647;
			files = (
			);
			runOnlyForDeploymentPostprocessing = 0;
		};
/* End PBXFrameworksBuildPhase section */

/* Begin PBXGroup section */
		9327C42527F0712400EBC72F /* Views */ = {
			isa = PBXGroup;
			children = (
				934D87C927F9C4AB004D9B87 /* FlightReview */,
				9391427427F89DC900FD8BB4 /* FlightCreation */,
				93365FCE27EA8F15003C507D /* ContentView.swift */,
				93DC36102846573B00E3AE26 /* TutorialView.swift */,
			);
			path = Views;
			sourceTree = "<group>";
		};
		93365FC727EA8F15003C507D = {
			isa = PBXGroup;
			children = (
				931F3A0827F1068700B911F3 /* HobbsCalculator--macOS--Info.plist */,
				931F3A0627F1047100B911F3 /* HobbsCalculator--iOS--Info.plist */,
				93365FCC27EA8F15003C507D /* Shared */,
				93365FDB27EA8F18003C507D /* macOS */,
				93365FE427EA8F18003C507D /* Tests iOS */,
				93365FF027EA8F18003C507D /* Tests macOS */,
				93365FD527EA8F18003C507D /* Products */,
			);
			sourceTree = "<group>";
		};
		93365FCC27EA8F15003C507D /* Shared */ = {
			isa = PBXGroup;
			children = (
				9391428727F8B32900FD8BB4 /* Extensions */,
				9327C42527F0712400EBC72F /* Views */,
				93365FCD27EA8F15003C507D /* HobbsCalculatorApp.swift */,
				93365FCF27EA8F18003C507D /* Assets.xcassets */,
				9327C42227F0710600EBC72F /* TimeParser.swift */,
				9358AA4427F9076100C39044 /* DataContainers.swift */,
				9358AA4727F908A700C39044 /* FlightManager.swift */,
				93FA3F8B2801E87A00DED506 /* airports.csv */,
				93FA3F8E2801E89800DED506 /* AirportRegistry.swift */,
				93DC360D28464D7500E3AE26 /* PersistenceManager.swift */,
			);
			path = Shared;
			sourceTree = "<group>";
		};
		93365FD527EA8F18003C507D /* Products */ = {
			isa = PBXGroup;
			children = (
				93365FD427EA8F18003C507D /* HobbsCalculator.app */,
				93365FDA27EA8F18003C507D /* HobbsCalculator.app */,
				93365FE127EA8F18003C507D /* Tests iOS.xctest */,
				93365FED27EA8F18003C507D /* Tests macOS.xctest */,
			);
			name = Products;
			sourceTree = "<group>";
		};
		93365FDB27EA8F18003C507D /* macOS */ = {
			isa = PBXGroup;
			children = (
				93365FDC27EA8F18003C507D /* macOS.entitlements */,
			);
			path = macOS;
			sourceTree = "<group>";
		};
		93365FE427EA8F18003C507D /* Tests iOS */ = {
			isa = PBXGroup;
			children = (
				93365FE527EA8F18003C507D /* Tests_iOS.swift */,
				93365FE727EA8F18003C507D /* Tests_iOSLaunchTests.swift */,
			);
			path = "Tests iOS";
			sourceTree = "<group>";
		};
		93365FF027EA8F18003C507D /* Tests macOS */ = {
			isa = PBXGroup;
			children = (
				93365FF127EA8F18003C507D /* Tests_macOS.swift */,
				93365FF327EA8F18003C507D /* Tests_macOSLaunchTests.swift */,
			);
			path = "Tests macOS";
			sourceTree = "<group>";
		};
		934D87C927F9C4AB004D9B87 /* FlightReview */ = {
			isa = PBXGroup;
			children = (
				934D87CA27F9C4C1004D9B87 /* CompactLogbookEntryOverview.swift */,
				934D87CD27F9C589004D9B87 /* CompactLogbookEntryView.swift */,
				934D87D027F9CD70004D9B87 /* LogbookEntryOverview.swift */,
			);
			path = FlightReview;
			sourceTree = "<group>";
		};
		9358AA4327F9062100C39044 /* Helpers */ = {
			isa = PBXGroup;
			children = (
				9327C41F27EFCD2A00EBC72F /* TimeInput.swift */,
				9391427827F8AAB200FD8BB4 /* LocationInput.swift */,
				9391427E27F8AFC500FD8BB4 /* StepperRow.swift */,
				9358AA3D27F8F00300C39044 /* SliderLabelView.swift */,
				934D87C327F9C406004D9B87 /* VerticallyLabelledValue.swift */,
				934D87C627F9C427004D9B87 /* TimeStepperRow.swift */,
			);
			path = Helpers;
			sourceTree = "<group>";
		};
		9391427427F89DC900FD8BB4 /* FlightCreation */ = {
			isa = PBXGroup;
			children = (
				9358AA4327F9062100C39044 /* Helpers */,
				9391427527F89DD500FD8BB4 /* RouteInformationView.swift */,
				9391427B27F8AB0300FD8BB4 /* LandingInformationView.swift */,
				9391428427F8B22100FD8BB4 /* CrossCountryInformationView.swift */,
				9391428127F8B1ED00FD8BB4 /* TaxiInformationView.swift */,
			);
			path = FlightCreation;
			sourceTree = "<group>";
		};
		9391428727F8B32900FD8BB4 /* Extensions */ = {
			isa = PBXGroup;
			children = (
				9391428827F8B33300FD8BB4 /* Collection+Chunked.swift */,
				9358AA3727F8C75400C39044 /* View+CornerRadius.swift */,
				9358AA3A27F8C8E200C39044 /* View+Conditional.swift */,
				9358AA4027F8F2AA00C39044 /* Color+Hex.swift */,
			);
			path = Extensions;
			sourceTree = "<group>";
		};
/* End PBXGroup section */

/* Begin PBXNativeTarget section */
		93365FD327EA8F18003C507D /* HobbsCalculator (iOS) */ = {
			isa = PBXNativeTarget;
			buildConfigurationList = 93365FFD27EA8F18003C507D /* Build configuration list for PBXNativeTarget "HobbsCalculator (iOS)" */;
			buildPhases = (
				93365FD027EA8F18003C507D /* Sources */,
				93365FD127EA8F18003C507D /* Frameworks */,
				93365FD227EA8F18003C507D /* Resources */,
			);
			buildRules = (
			);
			dependencies = (
			);
			name = "HobbsCalculator (iOS)";
			productName = "HobbsCalculator (iOS)";
			productReference = 93365FD427EA8F18003C507D /* HobbsCalculator.app */;
			productType = "com.apple.product-type.application";
		};
		93365FD927EA8F18003C507D /* HobbsCalculator (macOS) */ = {
			isa = PBXNativeTarget;
			buildConfigurationList = 9336600027EA8F18003C507D /* Build configuration list for PBXNativeTarget "HobbsCalculator (macOS)" */;
			buildPhases = (
				93365FD627EA8F18003C507D /* Sources */,
				93365FD727EA8F18003C507D /* Frameworks */,
				93365FD827EA8F18003C507D /* Resources */,
			);
			buildRules = (
			);
			dependencies = (
			);
			name = "HobbsCalculator (macOS)";
			productName = "HobbsCalculator (macOS)";
			productReference = 93365FDA27EA8F18003C507D /* HobbsCalculator.app */;
			productType = "com.apple.product-type.application";
		};
		93365FE027EA8F18003C507D /* Tests iOS */ = {
			isa = PBXNativeTarget;
			buildConfigurationList = 9336600327EA8F18003C507D /* Build configuration list for PBXNativeTarget "Tests iOS" */;
			buildPhases = (
				93365FDD27EA8F18003C507D /* Sources */,
				93365FDE27EA8F18003C507D /* Frameworks */,
				93365FDF27EA8F18003C507D /* Resources */,
			);
			buildRules = (
			);
			dependencies = (
				93365FE327EA8F18003C507D /* PBXTargetDependency */,
			);
			name = "Tests iOS";
			productName = "Tests iOS";
			productReference = 93365FE127EA8F18003C507D /* Tests iOS.xctest */;
			productType = "com.apple.product-type.bundle.ui-testing";
		};
		93365FEC27EA8F18003C507D /* Tests macOS */ = {
			isa = PBXNativeTarget;
			buildConfigurationList = 9336600627EA8F18003C507D /* Build configuration list for PBXNativeTarget "Tests macOS" */;
			buildPhases = (
				93365FE927EA8F18003C507D /* Sources */,
				93365FEA27EA8F18003C507D /* Frameworks */,
				93365FEB27EA8F18003C507D /* Resources */,
			);
			buildRules = (
			);
			dependencies = (
				93365FEF27EA8F18003C507D /* PBXTargetDependency */,
			);
			name = "Tests macOS";
			productName = "Tests macOS";
			productReference = 93365FED27EA8F18003C507D /* Tests macOS.xctest */;
			productType = "com.apple.product-type.bundle.ui-testing";
		};
/* End PBXNativeTarget section */

/* Begin PBXProject section */
		93365FC827EA8F15003C507D /* Project object */ = {
			isa = PBXProject;
			attributes = {
				BuildIndependentTargetsInParallel = 1;
				LastSwiftUpdateCheck = 1330;
				LastUpgradeCheck = 1340;
				TargetAttributes = {
					93365FD327EA8F18003C507D = {
						CreatedOnToolsVersion = 13.3;
					};
					93365FD927EA8F18003C507D = {
						CreatedOnToolsVersion = 13.3;
					};
					93365FE027EA8F18003C507D = {
						CreatedOnToolsVersion = 13.3;
						TestTargetID = 93365FD327EA8F18003C507D;
					};
					93365FEC27EA8F18003C507D = {
						CreatedOnToolsVersion = 13.3;
						TestTargetID = 93365FD927EA8F18003C507D;
					};
				};
			};
			buildConfigurationList = 93365FCB27EA8F15003C507D /* Build configuration list for PBXProject "HobbsCalculator" */;
			compatibilityVersion = "Xcode 13.0";
			developmentRegion = en;
			hasScannedForEncodings = 0;
			knownRegions = (
				en,
				Base,
			);
			mainGroup = 93365FC727EA8F15003C507D;
			productRefGroup = 93365FD527EA8F18003C507D /* Products */;
			projectDirPath = "";
			projectRoot = "";
			targets = (
				93365FD327EA8F18003C507D /* HobbsCalculator (iOS) */,
				93365FD927EA8F18003C507D /* HobbsCalculator (macOS) */,
				93365FE027EA8F18003C507D /* Tests iOS */,
				93365FEC27EA8F18003C507D /* Tests macOS */,
			);
		};
/* End PBXProject section */

/* Begin PBXResourcesBuildPhase section */
		93365FD227EA8F18003C507D /* Resources */ = {
			isa = PBXResourcesBuildPhase;
			buildActionMask = 2147483647;
			files = (
				93FA3F8C2801E87A00DED506 /* airports.csv in Resources */,
				93365FF927EA8F18003C507D /* Assets.xcassets in Resources */,
			);
			runOnlyForDeploymentPostprocessing = 0;
		};
		93365FD827EA8F18003C507D /* Resources */ = {
			isa = PBXResourcesBuildPhase;
			buildActionMask = 2147483647;
			files = (
				93FA3F8D2801E87A00DED506 /* airports.csv in Resources */,
				93365FFA27EA8F18003C507D /* Assets.xcassets in Resources */,
			);
			runOnlyForDeploymentPostprocessing = 0;
		};
		93365FDF27EA8F18003C507D /* Resources */ = {
			isa = PBXResourcesBuildPhase;
			buildActionMask = 2147483647;
			files = (
			);
			runOnlyForDeploymentPostprocessing = 0;
		};
		93365FEB27EA8F18003C507D /* Resources */ = {
			isa = PBXResourcesBuildPhase;
			buildActionMask = 2147483647;
			files = (
			);
			runOnlyForDeploymentPostprocessing = 0;
		};
/* End PBXResourcesBuildPhase section */

/* Begin PBXSourcesBuildPhase section */
		93365FD027EA8F18003C507D /* Sources */ = {
			isa = PBXSourcesBuildPhase;
			buildActionMask = 2147483647;
			files = (
				93365FF727EA8F18003C507D /* ContentView.swift in Sources */,
				9391428927F8B33300FD8BB4 /* Collection+Chunked.swift in Sources */,
				934D87C727F9C427004D9B87 /* TimeStepperRow.swift in Sources */,
				93DC360E28464D7500E3AE26 /* PersistenceManager.swift in Sources */,
				9391427927F8AAB200FD8BB4 /* LocationInput.swift in Sources */,
				934D87C427F9C406004D9B87 /* VerticallyLabelledValue.swift in Sources */,
				9358AA3827F8C75400C39044 /* View+CornerRadius.swift in Sources */,
				9358AA3B27F8C8E200C39044 /* View+Conditional.swift in Sources */,
				93DC36112846573B00E3AE26 /* TutorialView.swift in Sources */,
				934D87CB27F9C4C1004D9B87 /* CompactLogbookEntryOverview.swift in Sources */,
				9391427C27F8AB0300FD8BB4 /* LandingInformationView.swift in Sources */,
				934D87CE27F9C589004D9B87 /* CompactLogbookEntryView.swift in Sources */,
				9358AA4127F8F2AA00C39044 /* Color+Hex.swift in Sources */,
				9358AA3E27F8F00300C39044 /* SliderLabelView.swift in Sources */,
				9327C42327F0710600EBC72F /* TimeParser.swift in Sources */,
				9391428527F8B22100FD8BB4 /* CrossCountryInformationView.swift in Sources */,
				9327C42027EFCD2A00EBC72F /* TimeInput.swift in Sources */,
				934D87D127F9CD70004D9B87 /* LogbookEntryOverview.swift in Sources */,
				9358AA4527F9076100C39044 /* DataContainers.swift in Sources */,
				9391428227F8B1ED00FD8BB4 /* TaxiInformationView.swift in Sources */,
				93FA3F8F2801E89800DED506 /* AirportRegistry.swift in Sources */,
				9391427627F89DD500FD8BB4 /* RouteInformationView.swift in Sources */,
				93365FF527EA8F18003C507D /* HobbsCalculatorApp.swift in Sources */,
				9391427F27F8AFC500FD8BB4 /* StepperRow.swift in Sources */,
				9358AA4827F908A700C39044 /* FlightManager.swift in Sources */,
			);
			runOnlyForDeploymentPostprocessing = 0;
		};
		93365FD627EA8F18003C507D /* Sources */ = {
			isa = PBXSourcesBuildPhase;
			buildActionMask = 2147483647;
			files = (
				93365FF827EA8F18003C507D /* ContentView.swift in Sources */,
				9391428A27F8B33300FD8BB4 /* Collection+Chunked.swift in Sources */,
				934D87C827F9C427004D9B87 /* TimeStepperRow.swift in Sources */,
				93DC360F28464D7500E3AE26 /* PersistenceManager.swift in Sources */,
				9391427A27F8AAB400FD8BB4 /* LocationInput.swift in Sources */,
				934D87C527F9C406004D9B87 /* VerticallyLabelledValue.swift in Sources */,
				9358AA3927F8C75400C39044 /* View+CornerRadius.swift in Sources */,
				9358AA3C27F8C8E200C39044 /* View+Conditional.swift in Sources */,
				93DC36122846573B00E3AE26 /* TutorialView.swift in Sources */,
				934D87CC27F9C4C1004D9B87 /* CompactLogbookEntryOverview.swift in Sources */,
				9391427D27F8AB0300FD8BB4 /* LandingInformationView.swift in Sources */,
				934D87CF27F9C589004D9B87 /* CompactLogbookEntryView.swift in Sources */,
				9358AA4227F8F2AA00C39044 /* Color+Hex.swift in Sources */,
				9358AA3F27F8F00300C39044 /* SliderLabelView.swift in Sources */,
				9327C42427F0710600EBC72F /* TimeParser.swift in Sources */,
				9391428627F8B22100FD8BB4 /* CrossCountryInformationView.swift in Sources */,
				9327C42127EFCD2A00EBC72F /* TimeInput.swift in Sources */,
				934D87D227F9CD70004D9B87 /* LogbookEntryOverview.swift in Sources */,
				9358AA4627F9076100C39044 /* DataContainers.swift in Sources */,
				9391428327F8B1ED00FD8BB4 /* TaxiInformationView.swift in Sources */,
				93FA3F902801E89800DED506 /* AirportRegistry.swift in Sources */,
				9391427727F89DD900FD8BB4 /* RouteInformationView.swift in Sources */,
				93365FF627EA8F18003C507D /* HobbsCalculatorApp.swift in Sources */,
				9391428027F8AFC500FD8BB4 /* StepperRow.swift in Sources */,
				9358AA4927F908A700C39044 /* FlightManager.swift in Sources */,
			);
			runOnlyForDeploymentPostprocessing = 0;
		};
		93365FDD27EA8F18003C507D /* Sources */ = {
			isa = PBXSourcesBuildPhase;
			buildActionMask = 2147483647;
			files = (
				93365FE827EA8F18003C507D /* Tests_iOSLaunchTests.swift in Sources */,
				93365FE627EA8F18003C507D /* Tests_iOS.swift in Sources */,
			);
			runOnlyForDeploymentPostprocessing = 0;
		};
		93365FE927EA8F18003C507D /* Sources */ = {
			isa = PBXSourcesBuildPhase;
			buildActionMask = 2147483647;
			files = (
				93365FF427EA8F18003C507D /* Tests_macOSLaunchTests.swift in Sources */,
				93365FF227EA8F18003C507D /* Tests_macOS.swift in Sources */,
			);
			runOnlyForDeploymentPostprocessing = 0;
		};
/* End PBXSourcesBuildPhase section */

/* Begin PBXTargetDependency section */
		93365FE327EA8F18003C507D /* PBXTargetDependency */ = {
			isa = PBXTargetDependency;
			target = 93365FD327EA8F18003C507D /* HobbsCalculator (iOS) */;
			targetProxy = 93365FE227EA8F18003C507D /* PBXContainerItemProxy */;
		};
		93365FEF27EA8F18003C507D /* PBXTargetDependency */ = {
			isa = PBXTargetDependency;
			target = 93365FD927EA8F18003C507D /* HobbsCalculator (macOS) */;
			targetProxy = 93365FEE27EA8F18003C507D /* PBXContainerItemProxy */;
		};
/* End PBXTargetDependency section */

/* Begin XCBuildConfiguration section */
		93365FFB27EA8F18003C507D /* Debug */ = {
			isa = XCBuildConfiguration;
			buildSettings = {
				ALWAYS_SEARCH_USER_PATHS = NO;
				CLANG_ANALYZER_NONNULL = YES;
				CLANG_ANALYZER_NUMBER_OBJECT_CONVERSION = YES_AGGRESSIVE;
				CLANG_CXX_LANGUAGE_STANDARD = "gnu++17";
				CLANG_ENABLE_MODULES = YES;
				CLANG_ENABLE_OBJC_ARC = YES;
				CLANG_ENABLE_OBJC_WEAK = YES;
				CLANG_WARN_BLOCK_CAPTURE_AUTORELEASING = YES;
				CLANG_WARN_BOOL_CONVERSION = YES;
				CLANG_WARN_COMMA = YES;
				CLANG_WARN_CONSTANT_CONVERSION = YES;
				CLANG_WARN_DEPRECATED_OBJC_IMPLEMENTATIONS = YES;
				CLANG_WARN_DIRECT_OBJC_ISA_USAGE = YES_ERROR;
				CLANG_WARN_DOCUMENTATION_COMMENTS = YES;
				CLANG_WARN_EMPTY_BODY = YES;
				CLANG_WARN_ENUM_CONVERSION = YES;
				CLANG_WARN_INFINITE_RECURSION = YES;
				CLANG_WARN_INT_CONVERSION = YES;
				CLANG_WARN_NON_LITERAL_NULL_CONVERSION = YES;
				CLANG_WARN_OBJC_IMPLICIT_RETAIN_SELF = YES;
				CLANG_WARN_OBJC_LITERAL_CONVERSION = YES;
				CLANG_WARN_OBJC_ROOT_CLASS = YES_ERROR;
				CLANG_WARN_QUOTED_INCLUDE_IN_FRAMEWORK_HEADER = YES;
				CLANG_WARN_RANGE_LOOP_ANALYSIS = YES;
				CLANG_WARN_STRICT_PROTOTYPES = YES;
				CLANG_WARN_SUSPICIOUS_MOVE = YES;
				CLANG_WARN_UNGUARDED_AVAILABILITY = YES_AGGRESSIVE;
				CLANG_WARN_UNREACHABLE_CODE = YES;
				CLANG_WARN__DUPLICATE_METHOD_MATCH = YES;
				COPY_PHASE_STRIP = NO;
				DEBUG_INFORMATION_FORMAT = dwarf;
				ENABLE_STRICT_OBJC_MSGSEND = YES;
				ENABLE_TESTABILITY = YES;
				GCC_C_LANGUAGE_STANDARD = gnu11;
				GCC_DYNAMIC_NO_PIC = NO;
				GCC_NO_COMMON_BLOCKS = YES;
				GCC_OPTIMIZATION_LEVEL = 0;
				GCC_PREPROCESSOR_DEFINITIONS = (
					"DEBUG=1",
					"$(inherited)",
				);
				GCC_WARN_64_TO_32_BIT_CONVERSION = YES;
				GCC_WARN_ABOUT_RETURN_TYPE = YES_ERROR;
				GCC_WARN_UNDECLARED_SELECTOR = YES;
				GCC_WARN_UNINITIALIZED_AUTOS = YES_AGGRESSIVE;
				GCC_WARN_UNUSED_FUNCTION = YES;
				GCC_WARN_UNUSED_VARIABLE = YES;
				MTL_ENABLE_DEBUG_INFO = INCLUDE_SOURCE;
				MTL_FAST_MATH = YES;
				ONLY_ACTIVE_ARCH = YES;
				SWIFT_ACTIVE_COMPILATION_CONDITIONS = DEBUG;
				SWIFT_OPTIMIZATION_LEVEL = "-Onone";
			};
			name = Debug;
		};
		93365FFC27EA8F18003C507D /* Release */ = {
			isa = XCBuildConfiguration;
			buildSettings = {
				ALWAYS_SEARCH_USER_PATHS = NO;
				CLANG_ANALYZER_NONNULL = YES;
				CLANG_ANALYZER_NUMBER_OBJECT_CONVERSION = YES_AGGRESSIVE;
				CLANG_CXX_LANGUAGE_STANDARD = "gnu++17";
				CLANG_ENABLE_MODULES = YES;
				CLANG_ENABLE_OBJC_ARC = YES;
				CLANG_ENABLE_OBJC_WEAK = YES;
				CLANG_WARN_BLOCK_CAPTURE_AUTORELEASING = YES;
				CLANG_WARN_BOOL_CONVERSION = YES;
				CLANG_WARN_COMMA = YES;
				CLANG_WARN_CONSTANT_CONVERSION = YES;
				CLANG_WARN_DEPRECATED_OBJC_IMPLEMENTATIONS = YES;
				CLANG_WARN_DIRECT_OBJC_ISA_USAGE = YES_ERROR;
				CLANG_WARN_DOCUMENTATION_COMMENTS = YES;
				CLANG_WARN_EMPTY_BODY = YES;
				CLANG_WARN_ENUM_CONVERSION = YES;
				CLANG_WARN_INFINITE_RECURSION = YES;
				CLANG_WARN_INT_CONVERSION = YES;
				CLANG_WARN_NON_LITERAL_NULL_CONVERSION = YES;
				CLANG_WARN_OBJC_IMPLICIT_RETAIN_SELF = YES;
				CLANG_WARN_OBJC_LITERAL_CONVERSION = YES;
				CLANG_WARN_OBJC_ROOT_CLASS = YES_ERROR;
				CLANG_WARN_QUOTED_INCLUDE_IN_FRAMEWORK_HEADER = YES;
				CLANG_WARN_RANGE_LOOP_ANALYSIS = YES;
				CLANG_WARN_STRICT_PROTOTYPES = YES;
				CLANG_WARN_SUSPICIOUS_MOVE = YES;
				CLANG_WARN_UNGUARDED_AVAILABILITY = YES_AGGRESSIVE;
				CLANG_WARN_UNREACHABLE_CODE = YES;
				CLANG_WARN__DUPLICATE_METHOD_MATCH = YES;
				COPY_PHASE_STRIP = NO;
				DEBUG_INFORMATION_FORMAT = "dwarf-with-dsym";
				ENABLE_NS_ASSERTIONS = NO;
				ENABLE_STRICT_OBJC_MSGSEND = YES;
				GCC_C_LANGUAGE_STANDARD = gnu11;
				GCC_NO_COMMON_BLOCKS = YES;
				GCC_WARN_64_TO_32_BIT_CONVERSION = YES;
				GCC_WARN_ABOUT_RETURN_TYPE = YES_ERROR;
				GCC_WARN_UNDECLARED_SELECTOR = YES;
				GCC_WARN_UNINITIALIZED_AUTOS = YES_AGGRESSIVE;
				GCC_WARN_UNUSED_FUNCTION = YES;
				GCC_WARN_UNUSED_VARIABLE = YES;
				MTL_ENABLE_DEBUG_INFO = NO;
				MTL_FAST_MATH = YES;
				SWIFT_COMPILATION_MODE = wholemodule;
				SWIFT_OPTIMIZATION_LEVEL = "-O";
			};
			name = Release;
		};
		93365FFE27EA8F18003C507D /* Debug */ = {
			isa = XCBuildConfiguration;
			buildSettings = {
				ASSETCATALOG_COMPILER_APPICON_NAME = AppIcon;
				ASSETCATALOG_COMPILER_GLOBAL_ACCENT_COLOR_NAME = AccentColor;
				CODE_SIGN_STYLE = Automatic;
				CURRENT_PROJECT_VERSION = 19;
				DEVELOPMENT_TEAM = LQWS3ZT7UK;
				ENABLE_PREVIEWS = YES;
				GENERATE_INFOPLIST_FILE = YES;
				INFOPLIST_FILE = "HobbsCalculator--iOS--Info.plist";
				INFOPLIST_KEY_LSApplicationCategoryType = "public.app-category.utilities";
				INFOPLIST_KEY_UIApplicationSceneManifest_Generation = YES;
				INFOPLIST_KEY_UIApplicationSupportsIndirectInputEvents = YES;
				INFOPLIST_KEY_UILaunchScreen_Generation = YES;
				INFOPLIST_KEY_UISupportedInterfaceOrientations_iPad = "UIInterfaceOrientationPortrait UIInterfaceOrientationPortraitUpsideDown UIInterfaceOrientationLandscapeLeft UIInterfaceOrientationLandscapeRight";
				INFOPLIST_KEY_UISupportedInterfaceOrientations_iPhone = "UIInterfaceOrientationPortrait UIInterfaceOrientationLandscapeLeft UIInterfaceOrientationLandscapeRight";
				IPHONEOS_DEPLOYMENT_TARGET = 15.3;
				LD_RUNPATH_SEARCH_PATHS = (
					"$(inherited)",
					"@executable_path/Frameworks",
				);
				MARKETING_VERSION = 0.1.0;
				PRODUCT_BUNDLE_IDENTIFIER = dev.blechschmidt.HobbsCalculator;
				PRODUCT_NAME = HobbsCalculator;
				SDKROOT = iphoneos;
				SWIFT_EMIT_LOC_STRINGS = YES;
				SWIFT_VERSION = 5.0;
				TARGETED_DEVICE_FAMILY = "1,2";
			};
			name = Debug;
		};
		93365FFF27EA8F18003C507D /* Release */ = {
			isa = XCBuildConfiguration;
			buildSettings = {
				ASSETCATALOG_COMPILER_APPICON_NAME = AppIcon;
				ASSETCATALOG_COMPILER_GLOBAL_ACCENT_COLOR_NAME = AccentColor;
				CODE_SIGN_STYLE = Automatic;
				CURRENT_PROJECT_VERSION = 19;
				DEVELOPMENT_TEAM = LQWS3ZT7UK;
				ENABLE_PREVIEWS = YES;
				GENERATE_INFOPLIST_FILE = YES;
				INFOPLIST_FILE = "HobbsCalculator--iOS--Info.plist";
				INFOPLIST_KEY_LSApplicationCategoryType = "public.app-category.utilities";
				INFOPLIST_KEY_UIApplicationSceneManifest_Generation = YES;
				INFOPLIST_KEY_UIApplicationSupportsIndirectInputEvents = YES;
				INFOPLIST_KEY_UILaunchScreen_Generation = YES;
				INFOPLIST_KEY_UISupportedInterfaceOrientations_iPad = "UIInterfaceOrientationPortrait UIInterfaceOrientationPortraitUpsideDown UIInterfaceOrientationLandscapeLeft UIInterfaceOrientationLandscapeRight";
				INFOPLIST_KEY_UISupportedInterfaceOrientations_iPhone = "UIInterfaceOrientationPortrait UIInterfaceOrientationLandscapeLeft UIInterfaceOrientationLandscapeRight";
				IPHONEOS_DEPLOYMENT_TARGET = 15.3;
				LD_RUNPATH_SEARCH_PATHS = (
					"$(inherited)",
					"@executable_path/Frameworks",
				);
				MARKETING_VERSION = 0.1.0;
				PRODUCT_BUNDLE_IDENTIFIER = dev.blechschmidt.HobbsCalculator;
				PRODUCT_NAME = HobbsCalculator;
				SDKROOT = iphoneos;
				SWIFT_EMIT_LOC_STRINGS = YES;
				SWIFT_VERSION = 5.0;
				TARGETED_DEVICE_FAMILY = "1,2";
				VALIDATE_PRODUCT = YES;
			};
			name = Release;
		};
		9336600127EA8F18003C507D /* Debug */ = {
			isa = XCBuildConfiguration;
			buildSettings = {
				ASSETCATALOG_COMPILER_APPICON_NAME = AppIcon;
				ASSETCATALOG_COMPILER_GLOBAL_ACCENT_COLOR_NAME = AccentColor;
				CODE_SIGN_ENTITLEMENTS = macOS/macOS.entitlements;
				CODE_SIGN_IDENTITY = "-";
				CODE_SIGN_STYLE = Automatic;
				COMBINE_HIDPI_IMAGES = YES;
				CURRENT_PROJECT_VERSION = 19;
				DEVELOPMENT_TEAM = LQWS3ZT7UK;
				ENABLE_HARDENED_RUNTIME = YES;
				ENABLE_PREVIEWS = YES;
				GENERATE_INFOPLIST_FILE = YES;
				INFOPLIST_FILE = "HobbsCalculator--macOS--Info.plist";
				INFOPLIST_KEY_NSHumanReadableCopyright = "";
				LD_RUNPATH_SEARCH_PATHS = (
					"$(inherited)",
					"@executable_path/../Frameworks",
				);
				MACOSX_DEPLOYMENT_TARGET = 12.3;
				MARKETING_VERSION = 0.1.0;
				PRODUCT_BUNDLE_IDENTIFIER = dev.blechschmidt.HobbsCalculator;
				PRODUCT_NAME = HobbsCalculator;
				SDKROOT = macosx;
				SWIFT_EMIT_LOC_STRINGS = YES;
				SWIFT_VERSION = 5.0;
			};
			name = Debug;
		};
		9336600227EA8F18003C507D /* Release */ = {
			isa = XCBuildConfiguration;
			buildSettings = {
				ASSETCATALOG_COMPILER_APPICON_NAME = AppIcon;
				ASSETCATALOG_COMPILER_GLOBAL_ACCENT_COLOR_NAME = AccentColor;
				CODE_SIGN_ENTITLEMENTS = macOS/macOS.entitlements;
				CODE_SIGN_IDENTITY = "-";
				CODE_SIGN_STYLE = Automatic;
				COMBINE_HIDPI_IMAGES = YES;
				CURRENT_PROJECT_VERSION = 19;
				DEVELOPMENT_TEAM = LQWS3ZT7UK;
				ENABLE_HARDENED_RUNTIME = YES;
				ENABLE_PREVIEWS = YES;
				GENERATE_INFOPLIST_FILE = YES;
				INFOPLIST_FILE = "HobbsCalculator--macOS--Info.plist";
				INFOPLIST_KEY_NSHumanReadableCopyright = "";
				LD_RUNPATH_SEARCH_PATHS = (
					"$(inherited)",
					"@executable_path/../Frameworks",
				);
				MACOSX_DEPLOYMENT_TARGET = 12.3;
				MARKETING_VERSION = 0.1.0;
				PRODUCT_BUNDLE_IDENTIFIER = dev.blechschmidt.HobbsCalculator;
				PRODUCT_NAME = HobbsCalculator;
				SDKROOT = macosx;
				SWIFT_EMIT_LOC_STRINGS = YES;
				SWIFT_VERSION = 5.0;
			};
			name = Release;
		};
		9336600427EA8F18003C507D /* Debug */ = {
			isa = XCBuildConfiguration;
			buildSettings = {
				ALWAYS_EMBED_SWIFT_STANDARD_LIBRARIES = YES;
				CODE_SIGN_STYLE = Automatic;
				CURRENT_PROJECT_VERSION = 1;
				DEVELOPMENT_TEAM = LQWS3ZT7UK;
				GENERATE_INFOPLIST_FILE = YES;
				IPHONEOS_DEPLOYMENT_TARGET = 15.4;
				MARKETING_VERSION = 1.0;
				PRODUCT_BUNDLE_IDENTIFIER = "dev.blechschmidt.Tests-iOS";
				PRODUCT_NAME = "$(TARGET_NAME)";
				SDKROOT = iphoneos;
				SWIFT_EMIT_LOC_STRINGS = NO;
				SWIFT_VERSION = 5.0;
				TARGETED_DEVICE_FAMILY = "1,2";
				TEST_TARGET_NAME = "HobbsCalculator (iOS)";
			};
			name = Debug;
		};
		9336600527EA8F18003C507D /* Release */ = {
			isa = XCBuildConfiguration;
			buildSettings = {
				ALWAYS_EMBED_SWIFT_STANDARD_LIBRARIES = YES;
				CODE_SIGN_STYLE = Automatic;
				CURRENT_PROJECT_VERSION = 1;
				DEVELOPMENT_TEAM = LQWS3ZT7UK;
				GENERATE_INFOPLIST_FILE = YES;
				IPHONEOS_DEPLOYMENT_TARGET = 15.4;
				MARKETING_VERSION = 1.0;
				PRODUCT_BUNDLE_IDENTIFIER = "dev.blechschmidt.Tests-iOS";
				PRODUCT_NAME = "$(TARGET_NAME)";
				SDKROOT = iphoneos;
				SWIFT_EMIT_LOC_STRINGS = NO;
				SWIFT_VERSION = 5.0;
				TARGETED_DEVICE_FAMILY = "1,2";
				TEST_TARGET_NAME = "HobbsCalculator (iOS)";
				VALIDATE_PRODUCT = YES;
			};
			name = Release;
		};
		9336600727EA8F18003C507D /* Debug */ = {
			isa = XCBuildConfiguration;
			buildSettings = {
				ALWAYS_EMBED_SWIFT_STANDARD_LIBRARIES = YES;
				CODE_SIGN_STYLE = Automatic;
				CURRENT_PROJECT_VERSION = 1;
				DEVELOPMENT_TEAM = LQWS3ZT7UK;
				GENERATE_INFOPLIST_FILE = YES;
				MACOSX_DEPLOYMENT_TARGET = 12.3;
				MARKETING_VERSION = 1.0;
				PRODUCT_BUNDLE_IDENTIFIER = "dev.blechschmidt.Tests-macOS";
				PRODUCT_NAME = "$(TARGET_NAME)";
				SDKROOT = macosx;
				SWIFT_EMIT_LOC_STRINGS = NO;
				SWIFT_VERSION = 5.0;
				TEST_TARGET_NAME = "HobbsCalculator (macOS)";
			};
			name = Debug;
		};
		9336600827EA8F18003C507D /* Release */ = {
			isa = XCBuildConfiguration;
			buildSettings = {
				ALWAYS_EMBED_SWIFT_STANDARD_LIBRARIES = YES;
				CODE_SIGN_STYLE = Automatic;
				CURRENT_PROJECT_VERSION = 1;
				DEVELOPMENT_TEAM = LQWS3ZT7UK;
				GENERATE_INFOPLIST_FILE = YES;
				MACOSX_DEPLOYMENT_TARGET = 12.3;
				MARKETING_VERSION = 1.0;
				PRODUCT_BUNDLE_IDENTIFIER = "dev.blechschmidt.Tests-macOS";
				PRODUCT_NAME = "$(TARGET_NAME)";
				SDKROOT = macosx;
				SWIFT_EMIT_LOC_STRINGS = NO;
				SWIFT_VERSION = 5.0;
				TEST_TARGET_NAME = "HobbsCalculator (macOS)";
			};
			name = Release;
		};
/* End XCBuildConfiguration section */

/* Begin XCConfigurationList section */
		93365FCB27EA8F15003C507D /* Build configuration list for PBXProject "HobbsCalculator" */ = {
			isa = XCConfigurationList;
			buildConfigurations = (
				93365FFB27EA8F18003C507D /* Debug */,
				93365FFC27EA8F18003C507D /* Release */,
			);
			defaultConfigurationIsVisible = 0;
			defaultConfigurationName = Release;
		};
		93365FFD27EA8F18003C507D /* Build configuration list for PBXNativeTarget "HobbsCalculator (iOS)" */ = {
			isa = XCConfigurationList;
			buildConfigurations = (
				93365FFE27EA8F18003C507D /* Debug */,
				93365FFF27EA8F18003C507D /* Release */,
			);
			defaultConfigurationIsVisible = 0;
			defaultConfigurationName = Release;
		};
		9336600027EA8F18003C507D /* Build configuration list for PBXNativeTarget "HobbsCalculator (macOS)" */ = {
			isa = XCConfigurationList;
			buildConfigurations = (
				9336600127EA8F18003C507D /* Debug */,
				9336600227EA8F18003C507D /* Release */,
			);
			defaultConfigurationIsVisible = 0;
			defaultConfigurationName = Release;
		};
		9336600327EA8F18003C507D /* Build configuration list for PBXNativeTarget "Tests iOS" */ = {
			isa = XCConfigurationList;
			buildConfigurations = (
				9336600427EA8F18003C507D /* Debug */,
				9336600527EA8F18003C507D /* Release */,
			);
			defaultConfigurationIsVisible = 0;
			defaultConfigurationName = Release;
		};
		9336600627EA8F18003C507D /* Build configuration list for PBXNativeTarget "Tests macOS" */ = {
			isa = XCConfigurationList;
			buildConfigurations = (
				9336600727EA8F18003C507D /* Debug */,
				9336600827EA8F18003C507D /* Release */,
			);
			defaultConfigurationIsVisible = 0;
			defaultConfigurationName = Release;
		};
/* End XCConfigurationList section */
	};
	rootObject = 93365FC827EA8F15003C507D /* Project object */;
}
